<?xml version="1.0" encoding="utf-8"?>
<Project ToolsVersion="4.0" xmlns="http://schemas.microsoft.com/developer/msbuild/2003">
  <ItemGroup>
    <Filter Include="Sources">
      <UniqueIdentifier>{d4e44c4d-1a35-4cc4-9768-f8bbdb7938b6}</UniqueIdentifier>
    </Filter>
    <Filter Include="Sources\Core">
      <UniqueIdentifier>{13779b1c-1603-4de6-9bc6-c4442b71fbf4}</UniqueIdentifier>
    </Filter>
    <Filter Include="Sources\Graphics">
      <UniqueIdentifier>{5c16ea65-abb8-4330-9412-a04b7890667a}</UniqueIdentifier>
    </Filter>
    <Filter Include="Sources\Utils">
      <UniqueIdentifier>{26b54b95-935b-4976-8414-c3609562e661}</UniqueIdentifier>
    </Filter>
    <Filter Include="Sources\Engine">
      <UniqueIdentifier>{9a67c761-cd6f-4c54-9bad-e6f32d401ac2}</UniqueIdentifier>
    </Filter>
    <Filter Include="Sources\Resource">
      <UniqueIdentifier>{b94b7ca4-92ab-4a11-94e1-26af32b9d464}</UniqueIdentifier>
    </Filter>
    <Filter Include="Sources\Engine\Object">
      <UniqueIdentifier>{b1c8bdbd-4dc0-4443-b200-432c6158264b}</UniqueIdentifier>
    </Filter>
    <Filter Include="Sources\Engine\Input">
      <UniqueIdentifier>{f40632a7-a2af-41d9-96d4-d62748123f02}</UniqueIdentifier>
    </Filter>
    <Filter Include="Sources\Resource\Shaders">
      <UniqueIdentifier>{26db6918-687f-461f-b65f-7037fe6048a6}</UniqueIdentifier>
    </Filter>
    <Filter Include="Sources\Engine\Component">
      <UniqueIdentifier>{cde0d199-755a-42cc-9d55-ac7cbec05f96}</UniqueIdentifier>
    </Filter>
    <Filter Include="Sources\Core\Math">
      <UniqueIdentifier>{978f313f-7550-4b08-ba33-5f4a76a01d14}</UniqueIdentifier>
    </Filter>
    <Filter Include="Sources\Platform">
      <UniqueIdentifier>{50fe06dd-e915-45be-b334-ea2545ea8a69}</UniqueIdentifier>
    </Filter>
  </ItemGroup>
  <ItemGroup>
    <ClCompile Include="Main.cpp" />
    <ClCompile Include="Sources\Core\Logger.cpp">
      <Filter>Sources\Core</Filter>
    </ClCompile>
    <ClCompile Include="Sources\Core\IObject.cpp">
      <Filter>Sources\Core</Filter>
    </ClCompile>
    <ClCompile Include="Sources\Core\IComponent.cpp">
      <Filter>Sources\Core</Filter>
    </ClCompile>
    <ClCompile Include="Sources\Core\IClass.cpp">
      <Filter>Sources\Core</Filter>
    </ClCompile>
    <ClCompile Include="Sources\Core\GameObject.cpp">
      <Filter>Sources\Core</Filter>
    </ClCompile>
    <ClCompile Include="Sources\Engine\Component\Transform.cpp">
      <Filter>Sources\Engine\Component</Filter>
    </ClCompile>
    <ClCompile Include="Sources\Core\IEvent.cpp">
      <Filter>Sources\Core</Filter>
    </ClCompile>
    <ClCompile Include="Sources\Core\ObjectFactor.cpp">
      <Filter>Sources\Core</Filter>
    </ClCompile>
    <ClCompile Include="Sources\Core\ObjectHandler.cpp">
      <Filter>Sources\Core</Filter>
    </ClCompile>
    <ClCompile Include="Sources\Core\Math\Math.cpp">
      <Filter>Sources\Core\Math</Filter>
    </ClCompile>
    <ClCompile Include="Sources\Engine\Gameplay.cpp">
      <Filter>Sources\Engine</Filter>
    </ClCompile>
    <ClCompile Include="Sources\Engine\IScene.cpp">
      <Filter>Sources\Engine</Filter>
    </ClCompile>
    <ClCompile Include="Sources\Core\Singleton.cpp">
      <Filter>Sources\Core</Filter>
    </ClCompile>
    <ClCompile Include="Sources\Platform\Window.cpp">
      <Filter>Sources\Platform</Filter>
    </ClCompile>
    <ClCompile Include="Sources\Platform\Time.cpp" />
    <ClCompile Include="Sources\Core\Uncopyable.cpp" />
    <ClCompile Include="Sources\Graphics\IDevice.cpp" />
  </ItemGroup>
  <ItemGroup>
    <ClInclude Include="Sources\Core\Logger.h">
      <Filter>Sources\Core</Filter>
    </ClInclude>
    <ClInclude Include="Sources\LXQ.h">
      <Filter>Sources</Filter>
    </ClInclude>
    <ClInclude Include="Sources\Core\IObject.h">
      <Filter>Sources\Core</Filter>
    </ClInclude>
    <ClInclude Include="Sources\Core\IComponent.h">
      <Filter>Sources\Core</Filter>
    </ClInclude>
    <ClInclude Include="Sources\Core\IClass.h">
      <Filter>Sources\Core</Filter>
    </ClInclude>
    <ClInclude Include="Sources\Core\GameObject.h">
      <Filter>Sources\Core</Filter>
    </ClInclude>
    <ClInclude Include="Sources\Engine\Component\Transform.h">
      <Filter>Sources\Engine\Component</Filter>
    </ClInclude>
    <ClInclude Include="Sources\Core\IEvent.h">
      <Filter>Sources\Core</Filter>
    </ClInclude>
    <ClInclude Include="Sources\Core\ObjectFactor.h">
      <Filter>Sources\Core</Filter>
    </ClInclude>
    <ClInclude Include="Sources\Core\ObjectHandler.h">
      <Filter>Sources\Core</Filter>
    </ClInclude>
    <ClInclude Include="Sources\Core\Math\Math.h">
      <Filter>Sources\Core\Math</Filter>
    </ClInclude>
    <ClInclude Include="Sources\Engine\IScene.h">
      <Filter>Sources\Engine</Filter>
    </ClInclude>
    <ClInclude Include="Sources\Engine\Gameplay.h">
      <Filter>Sources\Engine</Filter>
    </ClInclude>
    <ClInclude Include="Sources\Core\Singleton.h">
      <Filter>Sources\Core</Filter>
    </ClInclude>
    <ClInclude Include="Sources\Platform\Window.h">
      <Filter>Sources\Platform</Filter>
    </ClInclude>
    <ClInclude Include="Sources\Platform\Time.h" />
    <ClInclude Include="Sources\Core\Uncopyable.h" />
    <ClInclude Include="Sources\Graphics\IDevice.h" />
  </ItemGroup>
  <ItemGroup>
    <CustomBuild Include="Sources\Resource\Shaders\Hello.fx">
      <Filter>Sources\Resource\Shaders</Filter>
    </CustomBuild>
  </ItemGroup>
  <ItemGroup>
    <None Include="Sources\Core\Math\Math.inl">
      <Filter>Sources\Core\Math</Filter>
    </None>
  </ItemGroup>
</Project>